PODS:
  - BlueSocket (1.0.7)
  - FBSnapshotTestCase (2.1.4):
    - FBSnapshotTestCase/SwiftSupport (= 2.1.4)
  - FBSnapshotTestCase/Core (2.1.4)
  - FBSnapshotTestCase/SwiftSupport (2.1.4):
    - FBSnapshotTestCase/Core
  - QXSocket (0.1.0):
    - BlueSocket (~> 1.0)

DEPENDENCIES:
  - FBSnapshotTestCase (~> 2.1.4)
  - QXSocket (from `../`)

SPEC REPOS:
  https://github.com/cocoapods/specs.git:
    - BlueSocket
    - FBSnapshotTestCase

EXTERNAL SOURCES:
  QXSocket:
    :path: "../"

SPEC CHECKSUMS:
  BlueSocket: c93bef1d8a9a7e65301964605c63220c7c3871a1
  FBSnapshotTestCase: 094f9f314decbabe373b87cc339bea235a63e07a
  QXSocket: 2f53963bed4ff2da0bdc3915b10621aad573dfa2

PODFILE CHECKSUM: 2207c143e492818159eee3f4c0664bf7447e7995

COCOAPODS: 1.5.3
